
Microsoft Visual Studio Solution File, Format Version 12.00
# Visual Studio Version 17
VisualStudioVersion = 17.14.36408.4 d17.14
MinimumVisualStudioVersion = 10.0.40219.1
Project("{FAE04EC0-301F-11D3-BF4B-00C04F79EFBC}") = "ConsoleApp1", "ConsoleApp1.csproj", "{4764C944-0AA6-4672-A273-0BDB2BBE3FBC}"
EndProject
Global
	GlobalSection(SolutionConfigurationPlatforms) = preSolution
		Debug|Any CPU = Debug|Any CPU
		Release|Any CPU = Release|Any CPU
	EndGlobalSection
	GlobalSection(ProjectConfigurationPlatforms) = postSolution
		{4764C944-0AA6-4672-A273-0BDB2BBE3FBC}.Debug|Any CPU.ActiveCfg = Debug|Any CPU
		{4764C944-0AA6-4672-A273-0BDB2BBE3FBC}.Debug|Any CPU.Build.0 = Debug|Any CPU
		{4764C944-0AA6-4672-A273-0BDB2BBE3FBC}.Release|Any CPU.ActiveCfg = Release|Any CPU
		{4764C944-0AA6-4672-A273-0BDB2BBE3FBC}.Release|Any CPU.Build.0 = Release|Any CPU
	EndGlobalSection
	GlobalSection(SolutionProperties) = preSolution
		HideSolutionNode = FALSE
	EndGlobalSection
	GlobalSection(ExtensibilityGlobals) = postSolution
		SolutionGuid = {FB711702-4E84-4675-AE0A-2F33DC0AADCA}
	EndGlobalSection
EndGlobal
